
Microsoft Visual Studio Solution File, Format Version 12.00
# Visual Studio Version 16
VisualStudioVersion = 16.0.31402.337
MinimumVisualStudioVersion = 10.0.40219.1
Project("{FAE04EC0-301F-11D3-BF4B-00C04F79EFBC}") = "DeserializeJson", "DeserializeJson\DeserializeJson.csproj", "{8ABA19A6-D4C3-4E58-ACC1-72E783EAEB89}"
EndProject
Global
	GlobalSection(SolutionConfigurationPlatforms) = preSolution
		Debug|Any CPU = Debug|Any CPU
		Release|Any CPU = Release|Any CPU
	EndGlobalSection
	GlobalSection(ProjectConfigurationPlatforms) = postSolution
		{8ABA19A6-D4C3-4E58-ACC1-72E783EAEB89}.Debug|Any CPU.ActiveCfg = Debug|Any CPU
		{8ABA19A6-D4C3-4E58-ACC1-72E783EAEB89}.Debug|Any CPU.Build.0 = Debug|Any CPU
		{8ABA19A6-D4C3-4E58-ACC1-72E783EAEB89}.Release|Any CPU.ActiveCfg = Release|Any CPU
		{8ABA19A6-D4C3-4E58-ACC1-72E783EAEB89}.Release|Any CPU.Build.0 = Release|Any CPU
	EndGlobalSection
	GlobalSection(SolutionProperties) = preSolution
		HideSolutionNode = FALSE
	EndGlobalSection
	GlobalSection(ExtensibilityGlobals) = postSolution
		SolutionGuid = {DAD16C29-CCFA-4BEE-A846-A5FD4439348D}
	EndGlobalSection
EndGlobal
